
Microsoft Visual Studio Solution File, Format Version 12.00
# Visual Studio 15
VisualStudioVersion = 15.0.28307.421
MinimumVisualStudioVersion = 10.0.40219.1
Project("{FAE04EC0-301F-11D3-BF4B-00C04F79EFBC}") = "Gelida Player", "XVR Player\Gelida Player.csproj", "{BE82061C-DDB9-4C78-803D-883F3F6694D0}"
EndProject
Project("{FAE04EC0-301F-11D3-BF4B-00C04F79EFBC}") = "XVRControlsLibrary", "WindowsFormsControlLibrary1\XVRControlsLibrary.csproj", "{B63E910B-0BE4-46B8-883C-50600BDC9C0C}"
EndProject
Project("{FAE04EC0-301F-11D3-BF4B-00C04F79EFBC}") = "XVRImport", "XVRImport\XVRImport.csproj", "{8866684F-8A81-47FF-AE26-00331EB06D02}"
EndProject
Project("{FAE04EC0-301F-11D3-BF4B-00C04F79EFBC}") = "RGUploadService", "RGUploadService\RGUploadService.csproj", "{2FB99A07-FFAC-445A-9C40-CC94D725513F}"
EndProject
Project("{2150E333-8FDC-42A3-9474-1A3956D46DE8}") = "Solution Items", "Solution Items", "{A2304A33-BF92-4B05-AFE7-834DBA05B314}"
	ProjectSection(SolutionItems) = preProject
		.editorconfig = .editorconfig
	EndProjectSection
EndProject
Project("{FAE04EC0-301F-11D3-BF4B-00C04F79EFBC}") = "Gelida24", "Gelida24\Gelida24.csproj", "{413FDE29-24B7-4858-8DCF-BD780CB80F0A}"
EndProject
Project("{FAE04EC0-301F-11D3-BF4B-00C04F79EFBC}") = "ControlsLib", "ControlsLib\ControlsLib.csproj", "{97FDA570-BA10-4FD0-984B-946E58D15661}"
EndProject
Project("{FAE04EC0-301F-11D3-BF4B-00C04F79EFBC}") = "Gelida Recorder", "Gelida Recorder\Gelida Recorder.csproj", "{C044C665-C77D-4575-9938-25AA4FDDA17F}"
EndProject
Project("{FAE04EC0-301F-11D3-BF4B-00C04F79EFBC}") = "TestingForms", "TestingForms\TestingForms.csproj", "{6018A9AF-B73D-4F71-86B8-E9774145FA50}"
EndProject
Project("{FAE04EC0-301F-11D3-BF4B-00C04F79EFBC}") = "Models", "Models\Models.csproj", "{1EECB171-4C21-48EF-BFEF-843A3DE78D2B}"
EndProject
Global
	GlobalSection(SolutionConfigurationPlatforms) = preSolution
		Debug|Any CPU = Debug|Any CPU
		Debug|x64 = Debug|x64
		Debug|x86 = Debug|x86
		Release|Any CPU = Release|Any CPU
		Release|x64 = Release|x64
		Release|x86 = Release|x86
	EndGlobalSection
	GlobalSection(ProjectConfigurationPlatforms) = postSolution
		{BE82061C-DDB9-4C78-803D-883F3F6694D0}.Debug|Any CPU.ActiveCfg = Debug|Any CPU
		{BE82061C-DDB9-4C78-803D-883F3F6694D0}.Debug|Any CPU.Build.0 = Debug|Any CPU
		{BE82061C-DDB9-4C78-803D-883F3F6694D0}.Debug|x64.ActiveCfg = Debug|Any CPU
		{BE82061C-DDB9-4C78-803D-883F3F6694D0}.Debug|x64.Build.0 = Debug|Any CPU
		{BE82061C-DDB9-4C78-803D-883F3F6694D0}.Debug|x86.ActiveCfg = Debug|Any CPU
		{BE82061C-DDB9-4C78-803D-883F3F6694D0}.Debug|x86.Build.0 = Debug|Any CPU
		{BE82061C-DDB9-4C78-803D-883F3F6694D0}.Release|Any CPU.ActiveCfg = Release|Any CPU
		{BE82061C-DDB9-4C78-803D-883F3F6694D0}.Release|Any CPU.Build.0 = Release|Any CPU
		{BE82061C-DDB9-4C78-803D-883F3F6694D0}.Release|x64.ActiveCfg = Release|Any CPU
		{BE82061C-DDB9-4C78-803D-883F3F6694D0}.Release|x64.Build.0 = Release|Any CPU
		{BE82061C-DDB9-4C78-803D-883F3F6694D0}.Release|x86.ActiveCfg = Release|Any CPU
		{BE82061C-DDB9-4C78-803D-883F3F6694D0}.Release|x86.Build.0 = Release|Any CPU
		{B63E910B-0BE4-46B8-883C-50600BDC9C0C}.Debug|Any CPU.ActiveCfg = Debug|Any CPU
		{B63E910B-0BE4-46B8-883C-50600BDC9C0C}.Debug|Any CPU.Build.0 = Debug|Any CPU
		{B63E910B-0BE4-46B8-883C-50600BDC9C0C}.Debug|x64.ActiveCfg = Debug|Any CPU
		{B63E910B-0BE4-46B8-883C-50600BDC9C0C}.Debug|x64.Build.0 = Debug|Any CPU
		{B63E910B-0BE4-46B8-883C-50600BDC9C0C}.Debug|x86.ActiveCfg = Debug|Any CPU
		{B63E910B-0BE4-46B8-883C-50600BDC9C0C}.Debug|x86.Build.0 = Debug|Any CPU
		{B63E910B-0BE4-46B8-883C-50600BDC9C0C}.Release|Any CPU.ActiveCfg = Release|Any CPU
		{B63E910B-0BE4-46B8-883C-50600BDC9C0C}.Release|Any CPU.Build.0 = Release|Any CPU
		{B63E910B-0BE4-46B8-883C-50600BDC9C0C}.Release|x64.ActiveCfg = Release|Any CPU
		{B63E910B-0BE4-46B8-883C-50600BDC9C0C}.Release|x64.Build.0 = Release|Any CPU
		{B63E910B-0BE4-46B8-883C-50600BDC9C0C}.Release|x86.ActiveCfg = Release|Any CPU
		{B63E910B-0BE4-46B8-883C-50600BDC9C0C}.Release|x86.Build.0 = Release|Any CPU
		{8866684F-8A81-47FF-AE26-00331EB06D02}.Debug|Any CPU.ActiveCfg = Debug|Any CPU
		{8866684F-8A81-47FF-AE26-00331EB06D02}.Debug|Any CPU.Build.0 = Debug|Any CPU
		{8866684F-8A81-47FF-AE26-00331EB06D02}.Debug|x64.ActiveCfg = Debug|Any CPU
		{8866684F-8A81-47FF-AE26-00331EB06D02}.Debug|x64.Build.0 = Debug|Any CPU
		{8866684F-8A81-47FF-AE26-00331EB06D02}.Debug|x86.ActiveCfg = Debug|Any CPU
		{8866684F-8A81-47FF-AE26-00331EB06D02}.Debug|x86.Build.0 = Debug|Any CPU
		{8866684F-8A81-47FF-AE26-00331EB06D02}.Release|Any CPU.ActiveCfg = Release|Any CPU
		{8866684F-8A81-47FF-AE26-00331EB06D02}.Release|Any CPU.Build.0 = Release|Any CPU
		{8866684F-8A81-47FF-AE26-00331EB06D02}.Release|x64.ActiveCfg = Release|Any CPU
		{8866684F-8A81-47FF-AE26-00331EB06D02}.Release|x64.Build.0 = Release|Any CPU
		{8866684F-8A81-47FF-AE26-00331EB06D02}.Release|x86.ActiveCfg = Release|Any CPU
		{8866684F-8A81-47FF-AE26-00331EB06D02}.Release|x86.Build.0 = Release|Any CPU
		{2FB99A07-FFAC-445A-9C40-CC94D725513F}.Debug|Any CPU.ActiveCfg = Debug|Any CPU
		{2FB99A07-FFAC-445A-9C40-CC94D725513F}.Debug|Any CPU.Build.0 = Debug|Any CPU
		{2FB99A07-FFAC-445A-9C40-CC94D725513F}.Debug|x64.ActiveCfg = Debug|Any CPU
		{2FB99A07-FFAC-445A-9C40-CC94D725513F}.Debug|x64.Build.0 = Debug|Any CPU
		{2FB99A07-FFAC-445A-9C40-CC94D725513F}.Debug|x86.ActiveCfg = Debug|Any CPU
		{2FB99A07-FFAC-445A-9C40-CC94D725513F}.Debug|x86.Build.0 = Debug|Any CPU
		{2FB99A07-FFAC-445A-9C40-CC94D725513F}.Release|Any CPU.ActiveCfg = Release|Any CPU
		{2FB99A07-FFAC-445A-9C40-CC94D725513F}.Release|Any CPU.Build.0 = Release|Any CPU
		{2FB99A07-FFAC-445A-9C40-CC94D725513F}.Release|x64.ActiveCfg = Release|Any CPU
		{2FB99A07-FFAC-445A-9C40-CC94D725513F}.Release|x64.Build.0 = Release|Any CPU
		{2FB99A07-FFAC-445A-9C40-CC94D725513F}.Release|x86.ActiveCfg = Release|Any CPU
		{2FB99A07-FFAC-445A-9C40-CC94D725513F}.Release|x86.Build.0 = Release|Any CPU
		{413FDE29-24B7-4858-8DCF-BD780CB80F0A}.Debug|Any CPU.ActiveCfg = Debug|Any CPU
		{413FDE29-24B7-4858-8DCF-BD780CB80F0A}.Debug|Any CPU.Build.0 = Debug|Any CPU
		{413FDE29-24B7-4858-8DCF-BD780CB80F0A}.Debug|x64.ActiveCfg = Debug|Any CPU
		{413FDE29-24B7-4858-8DCF-BD780CB80F0A}.Debug|x64.Build.0 = Debug|Any CPU
		{413FDE29-24B7-4858-8DCF-BD780CB80F0A}.Debug|x86.ActiveCfg = Debug|Any CPU
		{413FDE29-24B7-4858-8DCF-BD780CB80F0A}.Debug|x86.Build.0 = Debug|Any CPU
		{413FDE29-24B7-4858-8DCF-BD780CB80F0A}.Release|Any CPU.ActiveCfg = Release|Any CPU
		{413FDE29-24B7-4858-8DCF-BD780CB80F0A}.Release|Any CPU.Build.0 = Release|Any CPU
		{413FDE29-24B7-4858-8DCF-BD780CB80F0A}.Release|x64.ActiveCfg = Release|Any CPU
		{413FDE29-24B7-4858-8DCF-BD780CB80F0A}.Release|x64.Build.0 = Release|Any CPU
		{413FDE29-24B7-4858-8DCF-BD780CB80F0A}.Release|x86.ActiveCfg = Release|Any CPU
		{413FDE29-24B7-4858-8DCF-BD780CB80F0A}.Release|x86.Build.0 = Release|Any CPU
		{97FDA570-BA10-4FD0-984B-946E58D15661}.Debug|Any CPU.ActiveCfg = Debug|Any CPU
		{97FDA570-BA10-4FD0-984B-946E58D15661}.Debug|Any CPU.Build.0 = Debug|Any CPU
		{97FDA570-BA10-4FD0-984B-946E58D15661}.Debug|x64.ActiveCfg = Debug|Any CPU
		{97FDA570-BA10-4FD0-984B-946E58D15661}.Debug|x64.Build.0 = Debug|Any CPU
		{97FDA570-BA10-4FD0-984B-946E58D15661}.Debug|x86.ActiveCfg = Debug|Any CPU
		{97FDA570-BA10-4FD0-984B-946E58D15661}.Debug|x86.Build.0 = Debug|Any CPU
		{97FDA570-BA10-4FD0-984B-946E58D15661}.Release|Any CPU.ActiveCfg = Release|Any CPU
		{97FDA570-BA10-4FD0-984B-946E58D15661}.Release|Any CPU.Build.0 = Release|Any CPU
		{97FDA570-BA10-4FD0-984B-946E58D15661}.Release|x64.ActiveCfg = Release|Any CPU
		{97FDA570-BA10-4FD0-984B-946E58D15661}.Release|x64.Build.0 = Release|Any CPU
		{97FDA570-BA10-4FD0-984B-946E58D15661}.Release|x86.ActiveCfg = Release|Any CPU
		{97FDA570-BA10-4FD0-984B-946E58D15661}.Release|x86.Build.0 = Release|Any CPU
		{C044C665-C77D-4575-9938-25AA4FDDA17F}.Debug|Any CPU.ActiveCfg = Debug|Any CPU
		{C044C665-C77D-4575-9938-25AA4FDDA17F}.Debug|Any CPU.Build.0 = Debug|Any CPU
		{C044C665-C77D-4575-9938-25AA4FDDA17F}.Debug|x64.ActiveCfg = Debug|Any CPU
		{C044C665-C77D-4575-9938-25AA4FDDA17F}.Debug|x64.Build.0 = Debug|Any CPU
		{C044C665-C77D-4575-9938-25AA4FDDA17F}.Debug|x86.ActiveCfg = Debug|Any CPU
		{C044C665-C77D-4575-9938-25AA4FDDA17F}.Debug|x86.Build.0 = Debug|Any CPU
		{C044C665-C77D-4575-9938-25AA4FDDA17F}.Release|Any CPU.ActiveCfg = Release|Any CPU
		{C044C665-C77D-4575-9938-25AA4FDDA17F}.Release|Any CPU.Build.0 = Release|Any CPU
		{C044C665-C77D-4575-9938-25AA4FDDA17F}.Release|x64.ActiveCfg = Release|Any CPU
		{C044C665-C77D-4575-9938-25AA4FDDA17F}.Release|x64.Build.0 = Release|Any CPU
		{C044C665-C77D-4575-9938-25AA4FDDA17F}.Release|x86.ActiveCfg = Release|Any CPU
		{C044C665-C77D-4575-9938-25AA4FDDA17F}.Release|x86.Build.0 = Release|Any CPU
		{6018A9AF-B73D-4F71-86B8-E9774145FA50}.Debug|Any CPU.ActiveCfg = Debug|Any CPU
		{6018A9AF-B73D-4F71-86B8-E9774145FA50}.Debug|Any CPU.Build.0 = Debug|Any CPU
		{6018A9AF-B73D-4F71-86B8-E9774145FA50}.Debug|x64.ActiveCfg = Debug|Any CPU
		{6018A9AF-B73D-4F71-86B8-E9774145FA50}.Debug|x64.Build.0 = Debug|Any CPU
		{6018A9AF-B73D-4F71-86B8-E9774145FA50}.Debug|x86.ActiveCfg = Debug|Any CPU
		{6018A9AF-B73D-4F71-86B8-E9774145FA50}.Debug|x86.Build.0 = Debug|Any CPU
		{6018A9AF-B73D-4F71-86B8-E9774145FA50}.Release|Any CPU.ActiveCfg = Release|Any CPU
		{6018A9AF-B73D-4F71-86B8-E9774145FA50}.Release|Any CPU.Build.0 = Release|Any CPU
		{6018A9AF-B73D-4F71-86B8-E9774145FA50}.Release|x64.ActiveCfg = Release|Any CPU
		{6018A9AF-B73D-4F71-86B8-E9774145FA50}.Release|x64.Build.0 = Release|Any CPU
		{6018A9AF-B73D-4F71-86B8-E9774145FA50}.Release|x86.ActiveCfg = Release|Any CPU
		{6018A9AF-B73D-4F71-86B8-E9774145FA50}.Release|x86.Build.0 = Release|Any CPU
		{1EECB171-4C21-48EF-BFEF-843A3DE78D2B}.Debug|Any CPU.ActiveCfg = Debug|Any CPU
		{1EECB171-4C21-48EF-BFEF-843A3DE78D2B}.Debug|Any CPU.Build.0 = Debug|Any CPU
		{1EECB171-4C21-48EF-BFEF-843A3DE78D2B}.Debug|x64.ActiveCfg = Debug|Any CPU
		{1EECB171-4C21-48EF-BFEF-843A3DE78D2B}.Debug|x64.Build.0 = Debug|Any CPU
		{1EECB171-4C21-48EF-BFEF-843A3DE78D2B}.Debug|x86.ActiveCfg = Debug|Any CPU
		{1EECB171-4C21-48EF-BFEF-843A3DE78D2B}.Debug|x86.Build.0 = Debug|Any CPU
		{1EECB171-4C21-48EF-BFEF-843A3DE78D2B}.Release|Any CPU.ActiveCfg = Release|Any CPU
		{1EECB171-4C21-48EF-BFEF-843A3DE78D2B}.Release|Any CPU.Build.0 = Release|Any CPU
		{1EECB171-4C21-48EF-BFEF-843A3DE78D2B}.Release|x64.ActiveCfg = Release|Any CPU
		{1EECB171-4C21-48EF-BFEF-843A3DE78D2B}.Release|x64.Build.0 = Release|Any CPU
		{1EECB171-4C21-48EF-BFEF-843A3DE78D2B}.Release|x86.ActiveCfg = Release|Any CPU
		{1EECB171-4C21-48EF-BFEF-843A3DE78D2B}.Release|x86.Build.0 = Release|Any CPU
	EndGlobalSection
	GlobalSection(SolutionProperties) = preSolution
		HideSolutionNode = FALSE
	EndGlobalSection
	GlobalSection(ExtensibilityGlobals) = postSolution
		SolutionGuid = {F7CAB18A-FDAF-4BC8-AFD0-19CC898E85CE}
	EndGlobalSection
EndGlobal
